
Microsoft Visual Studio Solution File, Format Version 12.00
# Visual Studio Version 17
VisualStudioVersion = 17.14.36603.0 d17.14
MinimumVisualStudioVersion = 10.0.40219.1
Project("{FAE04EC0-301F-11D3-BF4B-00C04F79EFBC}") = "Ejemplo-Usuarios-Acceso-Datos", "Ejemplo-Usuarios-Acceso-Datos\Ejemplo-Usuarios-Acceso-Datos.csproj", "{C447BDCB-EE2E-4306-9BD0-013159DA9B70}"
EndProject
Global
	GlobalSection(SolutionConfigurationPlatforms) = preSolution
		Debug|Any CPU = Debug|Any CPU
		Release|Any CPU = Release|Any CPU
	EndGlobalSection
	GlobalSection(ProjectConfigurationPlatforms) = postSolution
		{C447BDCB-EE2E-4306-9BD0-013159DA9B70}.Debug|Any CPU.ActiveCfg = Debug|Any CPU
		{C447BDCB-EE2E-4306-9BD0-013159DA9B70}.Debug|Any CPU.Build.0 = Debug|Any CPU
		{C447BDCB-EE2E-4306-9BD0-013159DA9B70}.Release|Any CPU.ActiveCfg = Release|Any CPU
		{C447BDCB-EE2E-4306-9BD0-013159DA9B70}.Release|Any CPU.Build.0 = Release|Any CPU
	EndGlobalSection
	GlobalSection(SolutionProperties) = preSolution
		HideSolutionNode = FALSE
	EndGlobalSection
	GlobalSection(ExtensibilityGlobals) = postSolution
		SolutionGuid = {51E52BA8-AE64-4891-AC0F-80AC7179C0AE}
	EndGlobalSection
EndGlobal
